
Microsoft Visual Studio Solution File, Format Version 12.00
# Visual Studio Version 16
VisualStudioVersion = 16.0.32602.291
MinimumVisualStudioVersion = 10.0.40219.1
Project("{FAE04EC0-301F-11D3-BF4B-00C04F79EFBC}") = "DailyReport", "DailyReport\DailyReport.csproj", "{AFF250ED-3FD3-4A04-B110-5B5B342134C9}"
EndProject
Global
	GlobalSection(SolutionConfigurationPlatforms) = preSolution
		Debug|Any CPU = Debug|Any CPU
		Release|Any CPU = Release|Any CPU
	EndGlobalSection
	GlobalSection(ProjectConfigurationPlatforms) = postSolution
		{AFF250ED-3FD3-4A04-B110-5B5B342134C9}.Debug|Any CPU.ActiveCfg = Debug|Any CPU
		{AFF250ED-3FD3-4A04-B110-5B5B342134C9}.Debug|Any CPU.Build.0 = Debug|Any CPU
		{AFF250ED-3FD3-4A04-B110-5B5B342134C9}.Release|Any CPU.ActiveCfg = Release|Any CPU
		{AFF250ED-3FD3-4A04-B110-5B5B342134C9}.Release|Any CPU.Build.0 = Release|Any CPU
	EndGlobalSection
	GlobalSection(SolutionProperties) = preSolution
		HideSolutionNode = FALSE
	EndGlobalSection
	GlobalSection(ExtensibilityGlobals) = postSolution
		SolutionGuid = {46FA0F86-673F-4F59-99AC-7E86B9D55EAD}
	EndGlobalSection
EndGlobal
