
Microsoft Visual Studio Solution File, Format Version 12.00
# Visual Studio Version 16
VisualStudioVersion = 16.0.32602.291
MinimumVisualStudioVersion = 10.0.40219.1
Project("{FAE04EC0-301F-11D3-BF4B-00C04F79EFBC}") = "MethodsAndObjects", "MethodsAndObjects\MethodsAndObjects.csproj", "{A94313E7-C5C7-4BCE-9941-40ABD368ED2B}"
EndProject
Global
	GlobalSection(SolutionConfigurationPlatforms) = preSolution
		Debug|Any CPU = Debug|Any CPU
		Release|Any CPU = Release|Any CPU
	EndGlobalSection
	GlobalSection(ProjectConfigurationPlatforms) = postSolution
		{A94313E7-C5C7-4BCE-9941-40ABD368ED2B}.Debug|Any CPU.ActiveCfg = Debug|Any CPU
		{A94313E7-C5C7-4BCE-9941-40ABD368ED2B}.Debug|Any CPU.Build.0 = Debug|Any CPU
		{A94313E7-C5C7-4BCE-9941-40ABD368ED2B}.Release|Any CPU.ActiveCfg = Release|Any CPU
		{A94313E7-C5C7-4BCE-9941-40ABD368ED2B}.Release|Any CPU.Build.0 = Release|Any CPU
	EndGlobalSection
	GlobalSection(SolutionProperties) = preSolution
		HideSolutionNode = FALSE
	EndGlobalSection
	GlobalSection(ExtensibilityGlobals) = postSolution
		SolutionGuid = {FD33F021-7559-483F-990A-3A8E7A5E101C}
	EndGlobalSection
EndGlobal
