
Microsoft Visual Studio Solution File, Format Version 12.00
# Visual Studio Version 16
VisualStudioVersion = 16.0.32602.291
MinimumVisualStudioVersion = 10.0.40219.1
Project("{FAE04EC0-301F-11D3-BF4B-00C04F79EFBC}") = "CarInsurance", "CarInsurance\CarInsurance.csproj", "{1FEF9FF1-E0FD-47B8-BA6D-0B768266698B}"
EndProject
Global
	GlobalSection(SolutionConfigurationPlatforms) = preSolution
		Debug|Any CPU = Debug|Any CPU
		Release|Any CPU = Release|Any CPU
	EndGlobalSection
	GlobalSection(ProjectConfigurationPlatforms) = postSolution
		{1FEF9FF1-E0FD-47B8-BA6D-0B768266698B}.Debug|Any CPU.ActiveCfg = Debug|Any CPU
		{1FEF9FF1-E0FD-47B8-BA6D-0B768266698B}.Debug|Any CPU.Build.0 = Debug|Any CPU
		{1FEF9FF1-E0FD-47B8-BA6D-0B768266698B}.Release|Any CPU.ActiveCfg = Release|Any CPU
		{1FEF9FF1-E0FD-47B8-BA6D-0B768266698B}.Release|Any CPU.Build.0 = Release|Any CPU
	EndGlobalSection
	GlobalSection(SolutionProperties) = preSolution
		HideSolutionNode = FALSE
	EndGlobalSection
	GlobalSection(ExtensibilityGlobals) = postSolution
		SolutionGuid = {4DB7CE2B-59F2-45D5-A1A2-7E6598167F7C}
	EndGlobalSection
EndGlobal
