
Microsoft Visual Studio Solution File, Format Version 12.00
# Visual Studio Version 16
VisualStudioVersion = 16.0.32602.291
MinimumVisualStudioVersion = 10.0.40219.1
Project("{FAE04EC0-301F-11D3-BF4B-00C04F79EFBC}") = "myConsoleProject.cs", "myConsoleProject.cs\myConsoleProject.cs.csproj", "{68C5E48B-5C1B-4599-B168-7DF1CEDB0D76}"
EndProject
Global
	GlobalSection(SolutionConfigurationPlatforms) = preSolution
		Debug|Any CPU = Debug|Any CPU
		Release|Any CPU = Release|Any CPU
	EndGlobalSection
	GlobalSection(ProjectConfigurationPlatforms) = postSolution
		{68C5E48B-5C1B-4599-B168-7DF1CEDB0D76}.Debug|Any CPU.ActiveCfg = Debug|Any CPU
		{68C5E48B-5C1B-4599-B168-7DF1CEDB0D76}.Debug|Any CPU.Build.0 = Debug|Any CPU
		{68C5E48B-5C1B-4599-B168-7DF1CEDB0D76}.Release|Any CPU.ActiveCfg = Release|Any CPU
		{68C5E48B-5C1B-4599-B168-7DF1CEDB0D76}.Release|Any CPU.Build.0 = Release|Any CPU
	EndGlobalSection
	GlobalSection(SolutionProperties) = preSolution
		HideSolutionNode = FALSE
	EndGlobalSection
	GlobalSection(ExtensibilityGlobals) = postSolution
		SolutionGuid = {737B850B-3160-437C-B802-1B32E42859B2}
	EndGlobalSection
EndGlobal
