
Microsoft Visual Studio Solution File, Format Version 12.00
# Visual Studio Version 16
VisualStudioVersion = 16.0.32602.291
MinimumVisualStudioVersion = 10.0.40219.1
Project("{FAE04EC0-301F-11D3-BF4B-00C04F79EFBC}") = "WhileDoWhileStatements", "WhileDoWhileStatements\WhileDoWhileStatements.csproj", "{99950691-8FC3-48CA-8E67-C213749C5188}"
EndProject
Global
	GlobalSection(SolutionConfigurationPlatforms) = preSolution
		Debug|Any CPU = Debug|Any CPU
		Release|Any CPU = Release|Any CPU
	EndGlobalSection
	GlobalSection(ProjectConfigurationPlatforms) = postSolution
		{99950691-8FC3-48CA-8E67-C213749C5188}.Debug|Any CPU.ActiveCfg = Debug|Any CPU
		{99950691-8FC3-48CA-8E67-C213749C5188}.Debug|Any CPU.Build.0 = Debug|Any CPU
		{99950691-8FC3-48CA-8E67-C213749C5188}.Release|Any CPU.ActiveCfg = Release|Any CPU
		{99950691-8FC3-48CA-8E67-C213749C5188}.Release|Any CPU.Build.0 = Release|Any CPU
	EndGlobalSection
	GlobalSection(SolutionProperties) = preSolution
		HideSolutionNode = FALSE
	EndGlobalSection
	GlobalSection(ExtensibilityGlobals) = postSolution
		SolutionGuid = {DA65B13A-3D89-4E2F-861A-12AF637ADE81}
	EndGlobalSection
EndGlobal
